
Microsoft Visual Studio Solution File, Format Version 12.00
# Visual Studio Version 16
VisualStudioVersion = 16.0.29306.81
MinimumVisualStudioVersion = 10.0.40219.1
Project("{FAE04EC0-301F-11D3-BF4B-00C04F79EFBC}") = "Élelmiszer Bolt", "Élelmiszer Bolt\Élelmiszer Bolt.csproj", "{CF649DCB-83E7-48F7-800C-49418BD48605}"
EndProject
Global
	GlobalSection(SolutionConfigurationPlatforms) = preSolution
		Debug|Any CPU = Debug|Any CPU
		Release|Any CPU = Release|Any CPU
	EndGlobalSection
	GlobalSection(ProjectConfigurationPlatforms) = postSolution
		{CF649DCB-83E7-48F7-800C-49418BD48605}.Debug|Any CPU.ActiveCfg = Debug|Any CPU
		{CF649DCB-83E7-48F7-800C-49418BD48605}.Debug|Any CPU.Build.0 = Debug|Any CPU
		{CF649DCB-83E7-48F7-800C-49418BD48605}.Release|Any CPU.ActiveCfg = Release|Any CPU
		{CF649DCB-83E7-48F7-800C-49418BD48605}.Release|Any CPU.Build.0 = Release|Any CPU
	EndGlobalSection
	GlobalSection(SolutionProperties) = preSolution
		HideSolutionNode = FALSE
	EndGlobalSection
	GlobalSection(ExtensibilityGlobals) = postSolution
		SolutionGuid = {49CF8EE9-1DE5-4AA4-A2DD-1D76CA8D16CF}
	EndGlobalSection
EndGlobal
